
Microsoft Visual Studio Solution File, Format Version 12.00
# Visual Studio Version 17
VisualStudioVersion = 17.5.33530.505
MinimumVisualStudioVersion = 10.0.40219.1
Project("{FAE04EC0-301F-11D3-BF4B-00C04F79EFBC}") = "C14-Excel", "C14-Excel\C14-Excel.csproj", "{3C2D5B6B-6161-4B4D-8642-0E043384DC8A}"
EndProject
Global
	GlobalSection(SolutionConfigurationPlatforms) = preSolution
		Debug|Any CPU = Debug|Any CPU
		Release|Any CPU = Release|Any CPU
	EndGlobalSection
	GlobalSection(ProjectConfigurationPlatforms) = postSolution
		{3C2D5B6B-6161-4B4D-8642-0E043384DC8A}.Debug|Any CPU.ActiveCfg = Debug|Any CPU
		{3C2D5B6B-6161-4B4D-8642-0E043384DC8A}.Debug|Any CPU.Build.0 = Debug|Any CPU
		{3C2D5B6B-6161-4B4D-8642-0E043384DC8A}.Release|Any CPU.ActiveCfg = Release|Any CPU
		{3C2D5B6B-6161-4B4D-8642-0E043384DC8A}.Release|Any CPU.Build.0 = Release|Any CPU
	EndGlobalSection
	GlobalSection(SolutionProperties) = preSolution
		HideSolutionNode = FALSE
	EndGlobalSection
	GlobalSection(ExtensibilityGlobals) = postSolution
		SolutionGuid = {C8BE4570-A413-4C35-9EB3-18AD328DA088}
	EndGlobalSection
EndGlobal
